
Microsoft Visual Studio Solution File, Format Version 12.00
# Visual Studio Version 16
VisualStudioVersion = 16.0.31321.278
MinimumVisualStudioVersion = 10.0.40219.1
Project("{FAE04EC0-301F-11D3-BF4B-00C04F79EFBC}") = "Application", "Application\Application.csproj", "{7F88F349-E81E-44CC-95AC-00CC4E633EA4}"
EndProject
Project("{FAE04EC0-301F-11D3-BF4B-00C04F79EFBC}") = "ApplicationTests", "ApplicationTests\ApplicationTests.csproj", "{05AEC69B-1C69-4338-A1C3-65ADA7856F9B}"
EndProject
Global
	GlobalSection(SolutionConfigurationPlatforms) = preSolution
		Debug|Any CPU = Debug|Any CPU
		Release|Any CPU = Release|Any CPU
	EndGlobalSection
	GlobalSection(ProjectConfigurationPlatforms) = postSolution
		{7F88F349-E81E-44CC-95AC-00CC4E633EA4}.Debug|Any CPU.ActiveCfg = Debug|Any CPU
		{7F88F349-E81E-44CC-95AC-00CC4E633EA4}.Debug|Any CPU.Build.0 = Debug|Any CPU
		{7F88F349-E81E-44CC-95AC-00CC4E633EA4}.Release|Any CPU.ActiveCfg = Release|Any CPU
		{7F88F349-E81E-44CC-95AC-00CC4E633EA4}.Release|Any CPU.Build.0 = Release|Any CPU
		{05AEC69B-1C69-4338-A1C3-65ADA7856F9B}.Debug|Any CPU.ActiveCfg = Debug|Any CPU
		{05AEC69B-1C69-4338-A1C3-65ADA7856F9B}.Debug|Any CPU.Build.0 = Debug|Any CPU
		{05AEC69B-1C69-4338-A1C3-65ADA7856F9B}.Release|Any CPU.ActiveCfg = Release|Any CPU
		{05AEC69B-1C69-4338-A1C3-65ADA7856F9B}.Release|Any CPU.Build.0 = Release|Any CPU
	EndGlobalSection
	GlobalSection(SolutionProperties) = preSolution
		HideSolutionNode = FALSE
	EndGlobalSection
	GlobalSection(ExtensibilityGlobals) = postSolution
		SolutionGuid = {09722FC9-E2BC-440B-857B-4CFAC255566F}
	EndGlobalSection
EndGlobal
